
Microsoft Visual Studio Solution File, Format Version 12.00
# Visual Studio Version 16
VisualStudioVersion = 16.0.30907.101
MinimumVisualStudioVersion = 10.0.40219.1
Project("{FAE04EC0-301F-11D3-BF4B-00C04F79EFBC}") = "AnalizadorLex1", "AnalizadorLex1\AnalizadorLex1.csproj", "{A9D54A03-E9BB-439B-95F0-0D979976D037}"
EndProject
Project("{FAE04EC0-301F-11D3-BF4B-00C04F79EFBC}") = "AnalizadorLexicoTest", "AnalizadorLexicoTest\AnalizadorLexicoTest.csproj", "{E71C47F0-E4A1-442B-A94A-412377D81A21}"
EndProject
Global
	GlobalSection(SolutionConfigurationPlatforms) = preSolution
		Debug|Any CPU = Debug|Any CPU
		Release|Any CPU = Release|Any CPU
	EndGlobalSection
	GlobalSection(ProjectConfigurationPlatforms) = postSolution
		{A9D54A03-E9BB-439B-95F0-0D979976D037}.Debug|Any CPU.ActiveCfg = Debug|Any CPU
		{A9D54A03-E9BB-439B-95F0-0D979976D037}.Debug|Any CPU.Build.0 = Debug|Any CPU
		{A9D54A03-E9BB-439B-95F0-0D979976D037}.Release|Any CPU.ActiveCfg = Release|Any CPU
		{A9D54A03-E9BB-439B-95F0-0D979976D037}.Release|Any CPU.Build.0 = Release|Any CPU
		{E71C47F0-E4A1-442B-A94A-412377D81A21}.Debug|Any CPU.ActiveCfg = Debug|Any CPU
		{E71C47F0-E4A1-442B-A94A-412377D81A21}.Debug|Any CPU.Build.0 = Debug|Any CPU
		{E71C47F0-E4A1-442B-A94A-412377D81A21}.Release|Any CPU.ActiveCfg = Release|Any CPU
		{E71C47F0-E4A1-442B-A94A-412377D81A21}.Release|Any CPU.Build.0 = Release|Any CPU
	EndGlobalSection
	GlobalSection(SolutionProperties) = preSolution
		HideSolutionNode = FALSE
	EndGlobalSection
	GlobalSection(ExtensibilityGlobals) = postSolution
		SolutionGuid = {2610B0C4-CBAF-496D-8ADE-FB659598DA99}
	EndGlobalSection
EndGlobal
